
Microsoft Visual Studio Solution File, Format Version 11.00
# Visual Studio 2010
Project("{8BC9CEB8-8B4A-11D0-8D11-00A0C91BC942}") = "id3", "id3\id3.vcxproj", "{1E085AAC-B8AA-41B0-B7CA-88691F341941}"
EndProject
Global
	GlobalSection(SolutionConfigurationPlatforms) = preSolution
		Debug|Win32 = Debug|Win32
		Release|Win32 = Release|Win32
	EndGlobalSection
	GlobalSection(ProjectConfigurationPlatforms) = postSolution
		{1E085AAC-B8AA-41B0-B7CA-88691F341941}.Debug|Win32.ActiveCfg = Debug|Win32
		{1E085AAC-B8AA-41B0-B7CA-88691F341941}.Debug|Win32.Build.0 = Debug|Win32
		{1E085AAC-B8AA-41B0-B7CA-88691F341941}.Release|Win32.ActiveCfg = Release|Win32
		{1E085AAC-B8AA-41B0-B7CA-88691F341941}.Release|Win32.Build.0 = Release|Win32
	EndGlobalSection
	GlobalSection(SolutionProperties) = preSolution
		HideSolutionNode = FALSE
	EndGlobalSection
EndGlobal
